
Microsoft Visual Studio Solution File, Format Version 12.00
# Visual Studio 15
VisualStudioVersion = 15.0.27703.2000
MinimumVisualStudioVersion = 10.0.40219.1
Project("{9A19103F-16F7-4668-BE54-9A1E7A4F7556}") = "PFC.WebApp", "PFC.WebApp\PFC.WebApp.csproj", "{02AF6DCA-DC22-411A-90B7-9F89BC3313F9}"
EndProject
Project("{9A19103F-16F7-4668-BE54-9A1E7A4F7556}") = "PFC.MasMovilEDRGenerator", "PFC.MasMovilEDRGenerator\PFC.MasMovilEDRGenerator.csproj", "{7693C5AB-2ADC-4527-9872-6ED739DA4CF4}"
EndProject
Global
	GlobalSection(SolutionConfigurationPlatforms) = preSolution
		Debug|Any CPU = Debug|Any CPU
		Release|Any CPU = Release|Any CPU
	EndGlobalSection
	GlobalSection(ProjectConfigurationPlatforms) = postSolution
		{02AF6DCA-DC22-411A-90B7-9F89BC3313F9}.Debug|Any CPU.ActiveCfg = Debug|Any CPU
		{02AF6DCA-DC22-411A-90B7-9F89BC3313F9}.Debug|Any CPU.Build.0 = Debug|Any CPU
		{02AF6DCA-DC22-411A-90B7-9F89BC3313F9}.Release|Any CPU.ActiveCfg = Release|Any CPU
		{02AF6DCA-DC22-411A-90B7-9F89BC3313F9}.Release|Any CPU.Build.0 = Release|Any CPU
		{7693C5AB-2ADC-4527-9872-6ED739DA4CF4}.Debug|Any CPU.ActiveCfg = Debug|Any CPU
		{7693C5AB-2ADC-4527-9872-6ED739DA4CF4}.Debug|Any CPU.Build.0 = Debug|Any CPU
		{7693C5AB-2ADC-4527-9872-6ED739DA4CF4}.Release|Any CPU.ActiveCfg = Release|Any CPU
		{7693C5AB-2ADC-4527-9872-6ED739DA4CF4}.Release|Any CPU.Build.0 = Release|Any CPU
	EndGlobalSection
	GlobalSection(SolutionProperties) = preSolution
		HideSolutionNode = FALSE
	EndGlobalSection
	GlobalSection(ExtensibilityGlobals) = postSolution
		SolutionGuid = {4CCC380E-5A07-414C-B46F-5C397D871A93}
	EndGlobalSection
EndGlobal
